
Microsoft Visual Studio Solution File, Format Version 12.00
# Visual Studio Version 17
VisualStudioVersion = 17.14.36109.1 d17.14
MinimumVisualStudioVersion = 10.0.40219.1
Project("{FAE04EC0-301F-11D3-BF4B-00C04F79EFBC}") = "oop_ex1", "oop_ex1.csproj", "{6564B9B9-70C7-4CD1-B105-8793EDCE8271}"
EndProject
Global
	GlobalSection(SolutionConfigurationPlatforms) = preSolution
		Debug|Any CPU = Debug|Any CPU
		Release|Any CPU = Release|Any CPU
	EndGlobalSection
	GlobalSection(ProjectConfigurationPlatforms) = postSolution
		{6564B9B9-70C7-4CD1-B105-8793EDCE8271}.Debug|Any CPU.ActiveCfg = Debug|Any CPU
		{6564B9B9-70C7-4CD1-B105-8793EDCE8271}.Debug|Any CPU.Build.0 = Debug|Any CPU
		{6564B9B9-70C7-4CD1-B105-8793EDCE8271}.Release|Any CPU.ActiveCfg = Release|Any CPU
		{6564B9B9-70C7-4CD1-B105-8793EDCE8271}.Release|Any CPU.Build.0 = Release|Any CPU
	EndGlobalSection
	GlobalSection(SolutionProperties) = preSolution
		HideSolutionNode = FALSE
	EndGlobalSection
	GlobalSection(ExtensibilityGlobals) = postSolution
		SolutionGuid = {633C7437-5059-4B4A-BB23-9BCE0066DE32}
	EndGlobalSection
EndGlobal
